
Microsoft Visual Studio Solution File, Format Version 12.00
# Visual Studio Version 16
VisualStudioVersion = 16.0.31702.278
MinimumVisualStudioVersion = 10.0.40219.1
Project("{FAE04EC0-301F-11D3-BF4B-00C04F79EFBC}") = "PUREBATABCONTROL", "PUREBATABCONTROL\PUREBATABCONTROL.csproj", "{95B9AD6B-FBD0-40E9-AE4D-5594571C41DB}"
EndProject
Global
	GlobalSection(SolutionConfigurationPlatforms) = preSolution
		Debug|Any CPU = Debug|Any CPU
		Release|Any CPU = Release|Any CPU
	EndGlobalSection
	GlobalSection(ProjectConfigurationPlatforms) = postSolution
		{95B9AD6B-FBD0-40E9-AE4D-5594571C41DB}.Debug|Any CPU.ActiveCfg = Debug|Any CPU
		{95B9AD6B-FBD0-40E9-AE4D-5594571C41DB}.Debug|Any CPU.Build.0 = Debug|Any CPU
		{95B9AD6B-FBD0-40E9-AE4D-5594571C41DB}.Release|Any CPU.ActiveCfg = Release|Any CPU
		{95B9AD6B-FBD0-40E9-AE4D-5594571C41DB}.Release|Any CPU.Build.0 = Release|Any CPU
	EndGlobalSection
	GlobalSection(SolutionProperties) = preSolution
		HideSolutionNode = FALSE
	EndGlobalSection
	GlobalSection(ExtensibilityGlobals) = postSolution
		SolutionGuid = {11435734-FB8B-4D96-8977-B210D77CED25}
	EndGlobalSection
EndGlobal
